{
  "originHash" : "d6b4aece757dc3711e7a3510a0e6e97b210edbeab016f188bc63c03b36781be0",
  "pins" : [
    {
      "identity" : "pulse",
      "kind" : "remoteSourceControl",
      "location" : "https://github.com/kean/Pulse.git",
      "state" : {
        "revision" : "6125ce7fb51b114ba71b761d18cfd5557923bd4d",
        "version" : "5.1.4"
      }
    },
    {
      "identity" : "swiftmologger",
      "kind" : "remoteSourceControl",
      "location" : "https://github.com/MoElnaggar14/SwiftMoLogger.git",
      "state" : {
        "revision" : "f03d605226c0c1c63bd3b332cde8f3dc1df851ed",
        "version" : "2.0.0"
      }
    }
  ],
  "version" : 3
}
